
Microsoft Visual Studio Solution File, Format Version 12.00
# Visual Studio Version 17
VisualStudioVersion = 17.5.33424.131
MinimumVisualStudioVersion = 10.0.40219.1
Project("{FAE04EC0-301F-11D3-BF4B-00C04F79EFBC}") = "DiamanteDeLetras.ConsoleApp", "DiamanteDeLetras.ConsoleApp\DiamanteDeLetras.ConsoleApp.csproj", "{8020EBAD-1C50-4FDA-9882-8AF7E4D6DA33}"
EndProject
Global
	GlobalSection(SolutionConfigurationPlatforms) = preSolution
		Debug|Any CPU = Debug|Any CPU
		Release|Any CPU = Release|Any CPU
	EndGlobalSection
	GlobalSection(ProjectConfigurationPlatforms) = postSolution
		{8020EBAD-1C50-4FDA-9882-8AF7E4D6DA33}.Debug|Any CPU.ActiveCfg = Debug|Any CPU
		{8020EBAD-1C50-4FDA-9882-8AF7E4D6DA33}.Debug|Any CPU.Build.0 = Debug|Any CPU
		{8020EBAD-1C50-4FDA-9882-8AF7E4D6DA33}.Release|Any CPU.ActiveCfg = Release|Any CPU
		{8020EBAD-1C50-4FDA-9882-8AF7E4D6DA33}.Release|Any CPU.Build.0 = Release|Any CPU
	EndGlobalSection
	GlobalSection(SolutionProperties) = preSolution
		HideSolutionNode = FALSE
	EndGlobalSection
	GlobalSection(ExtensibilityGlobals) = postSolution
		SolutionGuid = {98870BEB-4BC8-4A58-A3EE-6E8C3AC03F48}
	EndGlobalSection
EndGlobal
